// !$*UTF8*$!
{
	archiveVersion = 1;
	classes = {
	};
	objectVersion = 50;
	objects = {

/* Begin PBXBuildFile section */
		7162095A22290F09005981CF /* AppDelegate.swift in Sources */ = {isa = PBXBuildFile; fileRef = 7162095922290F09005981CF /* AppDelegate.swift */; };
		7162095C22290F09005981CF /* ViewController.swift in Sources */ = {isa = PBXBuildFile; fileRef = 7162095B22290F09005981CF /* ViewController.swift */; };
		7162095F22290F09005981CF /* Main.storyboard in Resources */ = {isa = PBXBuildFile; fileRef = 7162095D22290F09005981CF /* Main.storyboard */; };
		7162096222290F09005981CF /* RPSystemBroadCastPicker.xcdatamodeld in Sources */ = {isa = PBXBuildFile; fileRef = 7162096022290F09005981CF /* RPSystemBroadCastPicker.xcdatamodeld */; };
		7162096422290F0B005981CF /* Assets.xcassets in Resources */ = {isa = PBXBuildFile; fileRef = 7162096322290F0B005981CF /* Assets.xcassets */; };
		7162096722290F0B005981CF /* LaunchScreen.storyboard in Resources */ = {isa = PBXBuildFile; fileRef = 7162096522290F0B005981CF /* LaunchScreen.storyboard */; };
		7162097222290F0C005981CF /* RPSystemBroadCastPickerTests.swift in Sources */ = {isa = PBXBuildFile; fileRef = 7162097122290F0C005981CF /* RPSystemBroadCastPickerTests.swift */; };
		7162097D22290F0C005981CF /* RPSystemBroadCastPickerUITests.swift in Sources */ = {isa = PBXBuildFile; fileRef = 7162097C22290F0C005981CF /* RPSystemBroadCastPickerUITests.swift */; };
/* End PBXBuildFile section */

/* Begin PBXContainerItemProxy section */
		7162096E22290F0C005981CF /* PBXContainerItemProxy */ = {
			isa = PBXContainerItemProxy;
			containerPortal = 7162094E22290F09005981CF /* Project object */;
			proxyType = 1;
			remoteGlobalIDString = 7162095522290F09005981CF;
			remoteInfo = RPSystemBroadCastPicker;
		};
		7162097922290F0C005981CF /* PBXContainerItemProxy */ = {
			isa = PBXContainerItemProxy;
			containerPortal = 7162094E22290F09005981CF /* Project object */;
			proxyType = 1;
			remoteGlobalIDString = 7162095522290F09005981CF;
			remoteInfo = RPSystemBroadCastPicker;
		};
/* End PBXContainerItemProxy section */

/* Begin PBXFileReference section */
		7162095622290F09005981CF /* RPSystemBroadCastPicker.app */ = {isa = PBXFileReference; explicitFileType = wrapper.application; includeInIndex = 0; path = RPSystemBroadCastPicker.app; sourceTree = BUILT_PRODUCTS_DIR; };
		7162095922290F09005981CF /* AppDelegate.swift */ = {isa = PBXFileReference; lastKnownFileType = sourcecode.swift; path = AppDelegate.swift; sourceTree = "<group>"; };
		7162095B22290F09005981CF /* ViewController.swift */ = {isa = PBXFileReference; lastKnownFileType = sourcecode.swift; path = ViewController.swift; sourceTree = "<group>"; };
		7162095E22290F09005981CF /* Base */ = {isa = PBXFileReference; lastKnownFileType = file.storyboard; name = Base; path = Base.lproj/Main.storyboard; sourceTree = "<group>"; };
		7162096122290F09005981CF /* RPSystemBroadCastPicker.xcdatamodel */ = {isa = PBXFileReference; lastKnownFileType = wrapper.xcdatamodel; path = RPSystemBroadCastPicker.xcdatamodel; sourceTree = "<group>"; };
		7162096322290F0B005981CF /* Assets.xcassets */ = {isa = PBXFileReference; lastKnownFileType = folder.assetcatalog; path = Assets.xcassets; sourceTree = "<group>"; };
		7162096622290F0B005981CF /* Base */ = {isa = PBXFileReference; lastKnownFileType = file.storyboard; name = Base; path = Base.lproj/LaunchScreen.storyboard; sourceTree = "<group>"; };
		7162096822290F0B005981CF /* Info.plist */ = {isa = PBXFileReference; lastKnownFileType = text.plist.xml; path = Info.plist; sourceTree = "<group>"; };
		7162096D22290F0C005981CF /* RPSystemBroadCastPickerTests.xctest */ = {isa = PBXFileReference; explicitFileType = wrapper.cfbundle; includeInIndex = 0; path = RPSystemBroadCastPickerTests.xctest; sourceTree = BUILT_PRODUCTS_DIR; };
		7162097122290F0C005981CF /* RPSystemBroadCastPickerTests.swift */ = {isa = PBXFileReference; lastKnownFileType = sourcecode.swift; path = RPSystemBroadCastPickerTests.swift; sourceTree = "<group>"; };
		7162097322290F0C005981CF /* Info.plist */ = {isa = PBXFileReference; lastKnownFileType = text.plist.xml; path = Info.plist; sourceTree = "<group>"; };
		7162097822290F0C005981CF /* RPSystemBroadCastPickerUITests.xctest */ = {isa = PBXFileReference; explicitFileType = wrapper.cfbundle; includeInIndex = 0; path = RPSystemBroadCastPickerUITests.xctest; sourceTree = BUILT_PRODUCTS_DIR; };
		7162097C22290F0C005981CF /* RPSystemBroadCastPickerUITests.swift */ = {isa = PBXFileReference; lastKnownFileType = sourcecode.swift; path = RPSystemBroadCastPickerUITests.swift; sourceTree = "<group>"; };
		7162097E22290F0C005981CF /* Info.plist */ = {isa = PBXFileReference; lastKnownFileType = text.plist.xml; path = Info.plist; sourceTree = "<group>"; };
/* End PBXFileReference section */

/* Begin PBXFrameworksBuildPhase section */
		7162095322290F09005981CF /* Frameworks */ = {
			isa = PBXFrameworksBuildPhase;
			buildActionMask = 2147483647;
			files = (
			);
			runOnlyForDeploymentPostprocessing = 0;
		};
		7162096A22290F0C005981CF /* Frameworks */ = {
			isa = PBXFrameworksBuildPhase;
			buildActionMask = 2147483647;
			files = (
			);
			runOnlyForDeploymentPostprocessing = 0;
		};
		7162097522290F0C005981CF /* Frameworks */ = {
			isa = PBXFrameworksBuildPhase;
			buildActionMask = 2147483647;
			files = (
			);
			runOnlyForDeploymentPostprocessing = 0;
		};
/* End PBXFrameworksBuildPhase section */

/* Begin PBXGroup section */
		7162094D22290F09005981CF = {
			isa = PBXGroup;
			children = (
				7162095822290F09005981CF /* RPSystemBroadCastPicker */,
				7162097022290F0C005981CF /* RPSystemBroadCastPickerTests */,
				7162097B22290F0C005981CF /* RPSystemBroadCastPickerUITests */,
				7162095722290F09005981CF /* Products */,
			);
			sourceTree = "<group>";
		};
		7162095722290F09005981CF /* Products */ = {
			isa = PBXGroup;
			children = (
				7162095622290F09005981CF /* RPSystemBroadCastPicker.app */,
				7162096D22290F0C005981CF /* RPSystemBroadCastPickerTests.xctest */,
				7162097822290F0C005981CF /* RPSystemBroadCastPickerUITests.xctest */,
			);
			name = Products;
			sourceTree = "<group>";
		};
		7162095822290F09005981CF /* RPSystemBroadCastPicker */ = {
			isa = PBXGroup;
			children = (
				7162095922290F09005981CF /* AppDelegate.swift */,
				7162095B22290F09005981CF /* ViewController.swift */,
				7162095D22290F09005981CF /* Main.storyboard */,
				7162096322290F0B005981CF /* Assets.xcassets */,
				7162096522290F0B005981CF /* LaunchScreen.storyboard */,
				7162096822290F0B005981CF /* Info.plist */,
				7162096022290F09005981CF /* RPSystemBroadCastPicker.xcdatamodeld */,
			);
			path = RPSystemBroadCastPicker;
			sourceTree = "<group>";
		};
		7162097022290F0C005981CF /* RPSystemBroadCastPickerTests */ = {
			isa = PBXGroup;
			children = (
				7162097122290F0C005981CF /* RPSystemBroadCastPickerTests.swift */,
				7162097322290F0C005981CF /* Info.plist */,
			);
			path = RPSystemBroadCastPickerTests;
			sourceTree = "<group>";
		};
		7162097B22290F0C005981CF /* RPSystemBroadCastPickerUITests */ = {
			isa = PBXGroup;
			children = (
				7162097C22290F0C005981CF /* RPSystemBroadCastPickerUITests.swift */,
				7162097E22290F0C005981CF /* Info.plist */,
			);
			path = RPSystemBroadCastPickerUITests;
			sourceTree = "<group>";
		};
/* End PBXGroup section */

/* Begin PBXNativeTarget section */
		7162095522290F09005981CF /* RPSystemBroadCastPicker */ = {
			isa = PBXNativeTarget;
			buildConfigurationList = 7162098122290F0C005981CF /* Build configuration list for PBXNativeTarget "RPSystemBroadCastPicker" */;
			buildPhases = (
				7162095222290F09005981CF /* Sources */,
				7162095322290F09005981CF /* Frameworks */,
				7162095422290F09005981CF /* Resources */,
			);
			buildRules = (
			);
			dependencies = (
			);
			name = RPSystemBroadCastPicker;
			productName = RPSystemBroadCastPicker;
			productReference = 7162095622290F09005981CF /* RPSystemBroadCastPicker.app */;
			productType = "com.apple.product-type.application";
		};
		7162096C22290F0C005981CF /* RPSystemBroadCastPickerTests */ = {
			isa = PBXNativeTarget;
			buildConfigurationList = 7162098422290F0C005981CF /* Build configuration list for PBXNativeTarget "RPSystemBroadCastPickerTests" */;
			buildPhases = (
				7162096922290F0C005981CF /* Sources */,
				7162096A22290F0C005981CF /* Frameworks */,
				7162096B22290F0C005981CF /* Resources */,
			);
			buildRules = (
			);
			dependencies = (
				7162096F22290F0C005981CF /* PBXTargetDependency */,
			);
			name = RPSystemBroadCastPickerTests;
			productName = RPSystemBroadCastPickerTests;
			productReference = 7162096D22290F0C005981CF /* RPSystemBroadCastPickerTests.xctest */;
			productType = "com.apple.product-type.bundle.unit-test";
		};
		7162097722290F0C005981CF /* RPSystemBroadCastPickerUITests */ = {
			isa = PBXNativeTarget;
			buildConfigurationList = 7162098722290F0C005981CF /* Build configuration list for PBXNativeTarget "RPSystemBroadCastPickerUITests" */;
			buildPhases = (
				7162097422290F0C005981CF /* Sources */,
				7162097522290F0C005981CF /* Frameworks */,
				7162097622290F0C005981CF /* Resources */,
			);
			buildRules = (
			);
			dependencies = (
				7162097A22290F0C005981CF /* PBXTargetDependency */,
			);
			name = RPSystemBroadCastPickerUITests;
			productName = RPSystemBroadCastPickerUITests;
			productReference = 7162097822290F0C005981CF /* RPSystemBroadCastPickerUITests.xctest */;
			productType = "com.apple.product-type.bundle.ui-testing";
		};
/* End PBXNativeTarget section */

/* Begin PBXProject section */
		7162094E22290F09005981CF /* Project object */ = {
			isa = PBXProject;
			attributes = {
				LastSwiftUpdateCheck = 1010;
				LastUpgradeCheck = 1010;
				ORGANIZATIONNAME = "Batuhan Saygin";
				TargetAttributes = {
					7162095522290F09005981CF = {
						CreatedOnToolsVersion = 10.1;
					};
					7162096C22290F0C005981CF = {
						CreatedOnToolsVersion = 10.1;
						TestTargetID = 7162095522290F09005981CF;
					};
					7162097722290F0C005981CF = {
						CreatedOnToolsVersion = 10.1;
						TestTargetID = 7162095522290F09005981CF;
					};
				};
			};
			buildConfigurationList = 7162095122290F09005981CF /* Build configuration list for PBXProject "RPSystemBroadCastPicker" */;
			compatibilityVersion = "Xcode 9.3";
			developmentRegion = en;
			hasScannedForEncodings = 0;
			knownRegions = (
				en,
				Base,
			);
			mainGroup = 7162094D22290F09005981CF;
			productRefGroup = 7162095722290F09005981CF /* Products */;
			projectDirPath = "";
			projectRoot = "";
			targets = (
				7162095522290F09005981CF /* RPSystemBroadCastPicker */,
				7162096C22290F0C005981CF /* RPSystemBroadCastPickerTests */,
				7162097722290F0C005981CF /* RPSystemBroadCastPickerUITests */,
			);
		};
/* End PBXProject section */

/* Begin PBXResourcesBuildPhase section */
		7162095422290F09005981CF /* Resources */ = {
			isa = PBXResourcesBuildPhase;
			buildActionMask = 2147483647;
			files = (
				7162096722290F0B005981CF /* LaunchScreen.storyboard in Resources */,
				7162096422290F0B005981CF /* Assets.xcassets in Resources */,
				7162095F22290F09005981CF /* Main.storyboard in Resources */,
			);
			runOnlyForDeploymentPostprocessing = 0;
		};
		7162096B22290F0C005981CF /* Resources */ = {
			isa = PBXResourcesBuildPhase;
			buildActionMask = 2147483647;
			files = (
			);
			runOnlyForDeploymentPostprocessing = 0;
		};
		7162097622290F0C005981CF /* Resources */ = {
			isa = PBXResourcesBuildPhase;
			buildActionMask = 2147483647;
			files = (
			);
			runOnlyForDeploymentPostprocessing = 0;
		};
/* End PBXResourcesBuildPhase section */

/* Begin PBXSourcesBuildPhase section */
		7162095222290F09005981CF /* Sources */ = {
			isa = PBXSourcesBuildPhase;
			buildActionMask = 2147483647;
			files = (
				7162096222290F09005981CF /* RPSystemBroadCastPicker.xcdatamodeld in Sources */,
				7162095C22290F09005981CF /* ViewController.swift in Sources */,
				7162095A22290F09005981CF /* AppDelegate.swift in Sources */,
			);
			runOnlyForDeploymentPostprocessing = 0;
		};
		7162096922290F0C005981CF /* Sources */ = {
			isa = PBXSourcesBuildPhase;
			buildActionMask = 2147483647;
			files = (
				7162097222290F0C005981CF /* RPSystemBroadCastPickerTests.swift in Sources */,
			);
			runOnlyForDeploymentPostprocessing = 0;
		};
		7162097422290F0C005981CF /* Sources */ = {
			isa = PBXSourcesBuildPhase;
			buildActionMask = 2147483647;
			files = (
				7162097D22290F0C005981CF /* RPSystemBroadCastPickerUITests.swift in Sources */,
			);
			runOnlyForDeploymentPostprocessing = 0;
		};
/* End PBXSourcesBuildPhase section */

/* Begin PBXTargetDependency section */
		7162096F22290F0C005981CF /* PBXTargetDependency */ = {
			isa = PBXTargetDependency;
			target = 7162095522290F09005981CF /* RPSystemBroadCastPicker */;
			targetProxy = 7162096E22290F0C005981CF /* PBXContainerItemProxy */;
		};
		7162097A22290F0C005981CF /* PBXTargetDependency */ = {
			isa = PBXTargetDependency;
			target = 7162095522290F09005981CF /* RPSystemBroadCastPicker */;
			targetProxy = 7162097922290F0C005981CF /* PBXContainerItemProxy */;
		};
/* End PBXTargetDependency section */

/* Begin PBXVariantGroup section */
		7162095D22290F09005981CF /* Main.storyboard */ = {
			isa = PBXVariantGroup;
			children = (
				7162095E22290F09005981CF /* Base */,
			);
			name = Main.storyboard;
			sourceTree = "<group>";
		};
		7162096522290F0B005981CF /* LaunchScreen.storyboard */ = {
			isa = PBXVariantGroup;
			children = (
				7162096622290F0B005981CF /* Base */,
			);
			name = LaunchScreen.storyboard;
			sourceTree = "<group>";
		};
/* End PBXVariantGroup section */

/* Begin XCBuildConfiguration section */
		7162097F22290F0C005981CF /* Debug */ = {
			isa = XCBuildConfiguration;
			buildSettings = {
				ALWAYS_SEARCH_USER_PATHS = NO;
				CLANG_ANALYZER_NONNULL = YES;
				CLANG_ANALYZER_NUMBER_OBJECT_CONVERSION = YES_AGGRESSIVE;
				CLANG_CXX_LANGUAGE_STANDARD = "gnu++14";
				CLANG_CXX_LIBRARY = "libc++";
				CLANG_ENABLE_MODULES = YES;
				CLANG_ENABLE_OBJC_ARC = YES;
				CLANG_ENABLE_OBJC_WEAK = YES;
				CLANG_WARN_BLOCK_CAPTURE_AUTORELEASING = YES;
				CLANG_WARN_BOOL_CONVERSION = YES;
				CLANG_WARN_COMMA = YES;
				CLANG_WARN_CONSTANT_CONVERSION = YES;
				CLANG_WARN_DEPRECATED_OBJC_IMPLEMENTATIONS = YES;
				CLANG_WARN_DIRECT_OBJC_ISA_USAGE = YES_ERROR;
				CLANG_WARN_DOCUMENTATION_COMMENTS = YES;
				CLANG_WARN_EMPTY_BODY = YES;
				CLANG_WARN_ENUM_CONVERSION = YES;
				CLANG_WARN_INFINITE_RECURSION = YES;
				CLANG_WARN_INT_CONVERSION = YES;
				CLANG_WARN_NON_LITERAL_NULL_CONVERSION = YES;
				CLANG_WARN_OBJC_IMPLICIT_RETAIN_SELF = YES;
				CLANG_WARN_OBJC_LITERAL_CONVERSION = YES;
				CLANG_WARN_OBJC_ROOT_CLASS = YES_ERROR;
				CLANG_WARN_RANGE_LOOP_ANALYSIS = YES;
				CLANG_WARN_STRICT_PROTOTYPES = YES;
				CLANG_WARN_SUSPICIOUS_MOVE = YES;
				CLANG_WARN_UNGUARDED_AVAILABILITY = YES_AGGRESSIVE;
				CLANG_WARN_UNREACHABLE_CODE = YES;
				CLANG_WARN__DUPLICATE_METHOD_MATCH = YES;
				CODE_SIGN_IDENTITY = "iPhone Developer";
				COPY_PHASE_STRIP = NO;
				DEBUG_INFORMATION_FORMAT = dwarf;
				ENABLE_STRICT_OBJC_MSGSEND = YES;
				ENABLE_TESTABILITY = YES;
				GCC_C_LANGUAGE_STANDARD = gnu11;
				GCC_DYNAMIC_NO_PIC = NO;
				GCC_NO_COMMON_BLOCKS = YES;
				GCC_OPTIMIZATION_LEVEL = 0;
				GCC_PREPROCESSOR_DEFINITIONS = (
					"DEBUG=1",
					"$(inherited)",
				);
				GCC_WARN_64_TO_32_BIT_CONVERSION = YES;
				GCC_WARN_ABOUT_RETURN_TYPE = YES_ERROR;
				GCC_WARN_UNDECLARED_SELECTOR = YES;
				GCC_WARN_UNINITIALIZED_AUTOS = YES_AGGRESSIVE;
				GCC_WARN_UNUSED_FUNCTION = YES;
				GCC_WARN_UNUSED_VARIABLE = YES;
				IPHONEOS_DEPLOYMENT_TARGET = 12.1;
				MTL_ENABLE_DEBUG_INFO = INCLUDE_SOURCE;
				MTL_FAST_MATH = YES;
				ONLY_ACTIVE_ARCH = YES;
				SDKROOT = iphoneos;
				SWIFT_ACTIVE_COMPILATION_CONDITIONS = DEBUG;
				SWIFT_OPTIMIZATION_LEVEL = "-Onone";
			};
			name = Debug;
		};
		7162098022290F0C005981CF /* Release */ = {
			isa = XCBuildConfiguration;
			buildSettings = {
				ALWAYS_SEARCH_USER_PATHS = NO;
				CLANG_ANALYZER_NONNULL = YES;
				CLANG_ANALYZER_NUMBER_OBJECT_CONVERSION = YES_AGGRESSIVE;
				CLANG_CXX_LANGUAGE_STANDARD = "gnu++14";
				CLANG_CXX_LIBRARY = "libc++";
				CLANG_ENABLE_MODULES = YES;
				CLANG_ENABLE_OBJC_ARC = YES;
				CLANG_ENABLE_OBJC_WEAK = YES;
				CLANG_WARN_BLOCK_CAPTURE_AUTORELEASING = YES;
				CLANG_WARN_BOOL_CONVERSION = YES;
				CLANG_WARN_COMMA = YES;
				CLANG_WARN_CONSTANT_CONVERSION = YES;
				CLANG_WARN_DEPRECATED_OBJC_IMPLEMENTATIONS = YES;
				CLANG_WARN_DIRECT_OBJC_ISA_USAGE = YES_ERROR;
				CLANG_WARN_DOCUMENTATION_COMMENTS = YES;
				CLANG_WARN_EMPTY_BODY = YES;
				CLANG_WARN_ENUM_CONVERSION = YES;
				CLANG_WARN_INFINITE_RECURSION = YES;
				CLANG_WARN_INT_CONVERSION = YES;
				CLANG_WARN_NON_LITERAL_NULL_CONVERSION = YES;
				CLANG_WARN_OBJC_IMPLICIT_RETAIN_SELF = YES;
				CLANG_WARN_OBJC_LITERAL_CONVERSION = YES;
				CLANG_WARN_OBJC_ROOT_CLASS = YES_ERROR;
				CLANG_WARN_RANGE_LOOP_ANALYSIS = YES;
				CLANG_WARN_STRICT_PROTOTYPES = YES;
				CLANG_WARN_SUSPICIOUS_MOVE = YES;
				CLANG_WARN_UNGUARDED_AVAILABILITY = YES_AGGRESSIVE;
				CLANG_WARN_UNREACHABLE_CODE = YES;
				CLANG_WARN__DUPLICATE_METHOD_MATCH = YES;
				CODE_SIGN_IDENTITY = "iPhone Developer";
				COPY_PHASE_STRIP = NO;
				DEBUG_INFORMATION_FORMAT = "dwarf-with-dsym";
				ENABLE_NS_ASSERTIONS = NO;
				ENABLE_STRICT_OBJC_MSGSEND = YES;
				GCC_C_LANGUAGE_STANDARD = gnu11;
				GCC_NO_COMMON_BLOCKS = YES;
				GCC_WARN_64_TO_32_BIT_CONVERSION = YES;
				GCC_WARN_ABOUT_RETURN_TYPE = YES_ERROR;
				GCC_WARN_UNDECLARED_SELECTOR = YES;
				GCC_WARN_UNINITIALIZED_AUTOS = YES_AGGRESSIVE;
				GCC_WARN_UNUSED_FUNCTION = YES;
				GCC_WARN_UNUSED_VARIABLE = YES;
				IPHONEOS_DEPLOYMENT_TARGET = 12.1;
				MTL_ENABLE_DEBUG_INFO = NO;
				MTL_FAST_MATH = YES;
				SDKROOT = iphoneos;
				SWIFT_COMPILATION_MODE = wholemodule;
				SWIFT_OPTIMIZATION_LEVEL = "-O";
				VALIDATE_PRODUCT = YES;
			};
			name = Release;
		};
		7162098222290F0C005981CF /* Debug */ = {
			isa = XCBuildConfiguration;
			buildSettings = {
				ASSETCATALOG_COMPILER_APPICON_NAME = AppIcon;
				CODE_SIGN_STYLE = Automatic;
				DEVELOPMENT_TEAM = RYXC4KBC6X;
				INFOPLIST_FILE = RPSystemBroadCastPicker/Info.plist;
				LD_RUNPATH_SEARCH_PATHS = (
					"$(inherited)",
					"@executable_path/Frameworks",
				);
				PRODUCT_BUNDLE_IDENTIFIER = com.batuhansaygin.RPSystemBroadCastPicker;
				PRODUCT_NAME = "$(TARGET_NAME)";
				SWIFT_VERSION = 4.2;
				TARGETED_DEVICE_FAMILY = "1,2";
			};
			name = Debug;
		};
		7162098322290F0C005981CF /* Release */ = {
			isa = XCBuildConfiguration;
			buildSettings = {
				ASSETCATALOG_COMPILER_APPICON_NAME = AppIcon;
				CODE_SIGN_STYLE = Automatic;
				DEVELOPMENT_TEAM = RYXC4KBC6X;
				INFOPLIST_FILE = RPSystemBroadCastPicker/Info.plist;
				LD_RUNPATH_SEARCH_PATHS = (
					"$(inherited)",
					"@executable_path/Frameworks",
				);
				PRODUCT_BUNDLE_IDENTIFIER = com.batuhansaygin.RPSystemBroadCastPicker;
				PRODUCT_NAME = "$(TARGET_NAME)";
				SWIFT_VERSION = 4.2;
				TARGETED_DEVICE_FAMILY = "1,2";
			};
			name = Release;
		};
		7162098522290F0C005981CF /* Debug */ = {
			isa = XCBuildConfiguration;
			buildSettings = {
				ALWAYS_EMBED_SWIFT_STANDARD_LIBRARIES = YES;
				BUNDLE_LOADER = "$(TEST_HOST)";
				CODE_SIGN_STYLE = Automatic;
				DEVELOPMENT_TEAM = RYXC4KBC6X;
				INFOPLIST_FILE = RPSystemBroadCastPickerTests/Info.plist;
				LD_RUNPATH_SEARCH_PATHS = (
					"$(inherited)",
					"@executable_path/Frameworks",
					"@loader_path/Frameworks",
				);
				PRODUCT_BUNDLE_IDENTIFIER = com.batuhansaygin.RPSystemBroadCastPickerTests;
				PRODUCT_NAME = "$(TARGET_NAME)";
				SWIFT_VERSION = 4.2;
				TARGETED_DEVICE_FAMILY = "1,2";
				TEST_HOST = "$(BUILT_PRODUCTS_DIR)/RPSystemBroadCastPicker.app/RPSystemBroadCastPicker";
			};
			name = Debug;
		};
		7162098622290F0C005981CF /* Release */ = {
			isa = XCBuildConfiguration;
			buildSettings = {
				ALWAYS_EMBED_SWIFT_STANDARD_LIBRARIES = YES;
				BUNDLE_LOADER = "$(TEST_HOST)";
				CODE_SIGN_STYLE = Automatic;
				DEVELOPMENT_TEAM = RYXC4KBC6X;
				INFOPLIST_FILE = RPSystemBroadCastPickerTests/Info.plist;
				LD_RUNPATH_SEARCH_PATHS = (
					"$(inherited)",
					"@executable_path/Frameworks",
					"@loader_path/Frameworks",
				);
				PRODUCT_BUNDLE_IDENTIFIER = com.batuhansaygin.RPSystemBroadCastPickerTests;
				PRODUCT_NAME = "$(TARGET_NAME)";
				SWIFT_VERSION = 4.2;
				TARGETED_DEVICE_FAMILY = "1,2";
				TEST_HOST = "$(BUILT_PRODUCTS_DIR)/RPSystemBroadCastPicker.app/RPSystemBroadCastPicker";
			};
			name = Release;
		};
		7162098822290F0C005981CF /* Debug */ = {
			isa = XCBuildConfiguration;
			buildSettings = {
				ALWAYS_EMBED_SWIFT_STANDARD_LIBRARIES = YES;
				CODE_SIGN_STYLE = Automatic;
				DEVELOPMENT_TEAM = RYXC4KBC6X;
				INFOPLIST_FILE = RPSystemBroadCastPickerUITests/Info.plist;
				LD_RUNPATH_SEARCH_PATHS = (
					"$(inherited)",
					"@executable_path/Frameworks",
					"@loader_path/Frameworks",
				);
				PRODUCT_BUNDLE_IDENTIFIER = com.batuhansaygin.RPSystemBroadCastPickerUITests;
				PRODUCT_NAME = "$(TARGET_NAME)";
				SWIFT_VERSION = 4.2;
				TARGETED_DEVICE_FAMILY = "1,2";
				TEST_TARGET_NAME = RPSystemBroadCastPicker;
			};
			name = Debug;
		};
		7162098922290F0C005981CF /* Release */ = {
			isa = XCBuildConfiguration;
			buildSettings = {
				ALWAYS_EMBED_SWIFT_STANDARD_LIBRARIES = YES;
				CODE_SIGN_STYLE = Automatic;
				DEVELOPMENT_TEAM = RYXC4KBC6X;
				INFOPLIST_FILE = RPSystemBroadCastPickerUITests/Info.plist;
				LD_RUNPATH_SEARCH_PATHS = (
					"$(inherited)",
					"@executable_path/Frameworks",
					"@loader_path/Frameworks",
				);
				PRODUCT_BUNDLE_IDENTIFIER = com.batuhansaygin.RPSystemBroadCastPickerUITests;
				PRODUCT_NAME = "$(TARGET_NAME)";
				SWIFT_VERSION = 4.2;
				TARGETED_DEVICE_FAMILY = "1,2";
				TEST_TARGET_NAME = RPSystemBroadCastPicker;
			};
			name = Release;
		};
/* End XCBuildConfiguration section */

/* Begin XCConfigurationList section */
		7162095122290F09005981CF /* Build configuration list for PBXProject "RPSystemBroadCastPicker" */ = {
			isa = XCConfigurationList;
			buildConfigurations = (
				7162097F22290F0C005981CF /* Debug */,
				7162098022290F0C005981CF /* Release */,
			);
			defaultConfigurationIsVisible = 0;
			defaultConfigurationName = Release;
		};
		7162098122290F0C005981CF /* Build configuration list for PBXNativeTarget "RPSystemBroadCastPicker" */ = {
			isa = XCConfigurationList;
			buildConfigurations = (
				7162098222290F0C005981CF /* Debug */,
				7162098322290F0C005981CF /* Release */,
			);
			defaultConfigurationIsVisible = 0;
			defaultConfigurationName = Release;
		};
		7162098422290F0C005981CF /* Build configuration list for PBXNativeTarget "RPSystemBroadCastPickerTests" */ = {
			isa = XCConfigurationList;
			buildConfigurations = (
				7162098522290F0C005981CF /* Debug */,
				7162098622290F0C005981CF /* Release */,
			);
			defaultConfigurationIsVisible = 0;
			defaultConfigurationName = Release;
		};
		7162098722290F0C005981CF /* Build configuration list for PBXNativeTarget "RPSystemBroadCastPickerUITests" */ = {
			isa = XCConfigurationList;
			buildConfigurations = (
				7162098822290F0C005981CF /* Debug */,
				7162098922290F0C005981CF /* Release */,
			);
			defaultConfigurationIsVisible = 0;
			defaultConfigurationName = Release;
		};
/* End XCConfigurationList section */

/* Begin XCVersionGroup section */
		7162096022290F09005981CF /* RPSystemBroadCastPicker.xcdatamodeld */ = {
			isa = XCVersionGroup;
			children = (
				7162096122290F09005981CF /* RPSystemBroadCastPicker.xcdatamodel */,
			);
			currentVersion = 7162096122290F09005981CF /* RPSystemBroadCastPicker.xcdatamodel */;
			path = RPSystemBroadCastPicker.xcdatamodeld;
			sourceTree = "<group>";
			versionGroupType = wrapper.xcdatamodel;
		};
/* End XCVersionGroup section */
	};
	rootObject = 7162094E22290F09005981CF /* Project object */;
}
